
Microsoft Visual Studio Solution File, Format Version 12.00
# Visual Studio 15
VisualStudioVersion = 15.0.27428.1
MinimumVisualStudioVersion = 10.0.40219.1
Project("{9A19103F-16F7-4668-BE54-9A1E7A4F7556}") = "ReactjsMVC", "ReactjsMVC\ReactjsMVC.csproj", "{A0B15444-15B7-4A23-9BEF-9DEC08EE1149}"
EndProject
Project("{9A19103F-16F7-4668-BE54-9A1E7A4F7556}") = "DataModel", "DataModel\DataModel.csproj", "{90E308C7-2F81-4170-8A63-6E5AEF73BFFA}"
EndProject
Global
	GlobalSection(SolutionConfigurationPlatforms) = preSolution
		Debug|Any CPU = Debug|Any CPU
		Release|Any CPU = Release|Any CPU
	EndGlobalSection
	GlobalSection(ProjectConfigurationPlatforms) = postSolution
		{A0B15444-15B7-4A23-9BEF-9DEC08EE1149}.Debug|Any CPU.ActiveCfg = Debug|Any CPU
		{A0B15444-15B7-4A23-9BEF-9DEC08EE1149}.Debug|Any CPU.Build.0 = Debug|Any CPU
		{A0B15444-15B7-4A23-9BEF-9DEC08EE1149}.Release|Any CPU.ActiveCfg = Release|Any CPU
		{A0B15444-15B7-4A23-9BEF-9DEC08EE1149}.Release|Any CPU.Build.0 = Release|Any CPU
		{90E308C7-2F81-4170-8A63-6E5AEF73BFFA}.Debug|Any CPU.ActiveCfg = Debug|Any CPU
		{90E308C7-2F81-4170-8A63-6E5AEF73BFFA}.Debug|Any CPU.Build.0 = Debug|Any CPU
		{90E308C7-2F81-4170-8A63-6E5AEF73BFFA}.Release|Any CPU.ActiveCfg = Release|Any CPU
		{90E308C7-2F81-4170-8A63-6E5AEF73BFFA}.Release|Any CPU.Build.0 = Release|Any CPU
	EndGlobalSection
	GlobalSection(SolutionProperties) = preSolution
		HideSolutionNode = FALSE
	EndGlobalSection
	GlobalSection(ExtensibilityGlobals) = postSolution
		SolutionGuid = {51D0CE5E-2542-4FBC-ABE4-D5971EC6CFEE}
	EndGlobalSection
EndGlobal
